// !$*UTF8*$!
{
	archiveVersion = 1;
	classes = {
	};
	objectVersion = 56;
	objects = {

/* Begin PBXBuildFile section */
		BB4C32E428AC2A8300BDCCFB /* SizePreferenceKey.swift in Sources */ = {isa = PBXBuildFile; fileRef = BB4C32E328AC2A8300BDCCFB /* SizePreferenceKey.swift */; };
		BBE263AA28AAA31C0009350F /* AppEntry.swift in Sources */ = {isa = PBXBuildFile; fileRef = BBE263A928AAA31C0009350F /* AppEntry.swift */; };
		BBE263AC28AAA31C0009350F /* BusinessCard.swift in Sources */ = {isa = PBXBuildFile; fileRef = BBE263AB28AAA31C0009350F /* BusinessCard.swift */; };
		BBE263AE28AAA31E0009350F /* Assets.xcassets in Resources */ = {isa = PBXBuildFile; fileRef = BBE263AD28AAA31E0009350F /* Assets.xcassets */; };
		BBE263B128AAA31E0009350F /* Preview Assets.xcassets in Resources */ = {isa = PBXBuildFile; fileRef = BBE263B028AAA31E0009350F /* Preview Assets.xcassets */; };
		BBE263B828AAA33F0009350F /* StartTab.swift in Sources */ = {isa = PBXBuildFile; fileRef = BBE263B728AAA33F0009350F /* StartTab.swift */; };
		BBE263BA28AAA3D60009350F /* ChartView.swift in Sources */ = {isa = PBXBuildFile; fileRef = BBE263B928AAA3D60009350F /* ChartView.swift */; };
		BBE263BE28AAC65C0009350F /* ImagePicker.swift in Sources */ = {isa = PBXBuildFile; fileRef = BBE263BD28AAC65B0009350F /* ImagePicker.swift */; };
		BBE263C228AB0BF00009350F /* Launch Screen.storyboard in Resources */ = {isa = PBXBuildFile; fileRef = BBE263C128AB0BF00009350F /* Launch Screen.storyboard */; };
		BBF0739C28AB1275000901F1 /* RenderedImageView.swift in Sources */ = {isa = PBXBuildFile; fileRef = BBF0739B28AB1275000901F1 /* RenderedImageView.swift */; };
/* End PBXBuildFile section */

/* Begin PBXFileReference section */
		BB4C32E328AC2A8300BDCCFB /* SizePreferenceKey.swift */ = {isa = PBXFileReference; lastKnownFileType = sourcecode.swift; path = SizePreferenceKey.swift; sourceTree = "<group>"; };
		BBE263A628AAA31C0009350F /* ImageRenderering.app */ = {isa = PBXFileReference; explicitFileType = wrapper.application; includeInIndex = 0; path = ImageRenderering.app; sourceTree = BUILT_PRODUCTS_DIR; };
		BBE263A928AAA31C0009350F /* AppEntry.swift */ = {isa = PBXFileReference; lastKnownFileType = sourcecode.swift; path = AppEntry.swift; sourceTree = "<group>"; };
		BBE263AB28AAA31C0009350F /* BusinessCard.swift */ = {isa = PBXFileReference; lastKnownFileType = sourcecode.swift; path = BusinessCard.swift; sourceTree = "<group>"; };
		BBE263AD28AAA31E0009350F /* Assets.xcassets */ = {isa = PBXFileReference; lastKnownFileType = folder.assetcatalog; path = Assets.xcassets; sourceTree = "<group>"; };
		BBE263B028AAA31E0009350F /* Preview Assets.xcassets */ = {isa = PBXFileReference; lastKnownFileType = folder.assetcatalog; path = "Preview Assets.xcassets"; sourceTree = "<group>"; };
		BBE263B728AAA33F0009350F /* StartTab.swift */ = {isa = PBXFileReference; lastKnownFileType = sourcecode.swift; path = StartTab.swift; sourceTree = "<group>"; };
		BBE263B928AAA3D60009350F /* ChartView.swift */ = {isa = PBXFileReference; lastKnownFileType = sourcecode.swift; path = ChartView.swift; sourceTree = "<group>"; };
		BBE263BD28AAC65B0009350F /* ImagePicker.swift */ = {isa = PBXFileReference; fileEncoding = 4; lastKnownFileType = sourcecode.swift; path = ImagePicker.swift; sourceTree = "<group>"; };
		BBE263C128AB0BF00009350F /* Launch Screen.storyboard */ = {isa = PBXFileReference; lastKnownFileType = file.storyboard; path = "Launch Screen.storyboard"; sourceTree = "<group>"; };
		BBF0739B28AB1275000901F1 /* RenderedImageView.swift */ = {isa = PBXFileReference; lastKnownFileType = sourcecode.swift; path = RenderedImageView.swift; sourceTree = "<group>"; };
/* End PBXFileReference section */

/* Begin PBXFrameworksBuildPhase section */
		BBE263A328AAA31C0009350F /* Frameworks */ = {
			isa = PBXFrameworksBuildPhase;
			buildActionMask = 2147483647;
			files = (
			);
			runOnlyForDeploymentPostprocessing = 0;
		};
/* End PBXFrameworksBuildPhase section */

/* Begin PBXGroup section */
		BB39AC7B28AB18BF00714C54 /* Supporting Files */ = {
			isa = PBXGroup;
			children = (
				BBE263BD28AAC65B0009350F /* ImagePicker.swift */,
			);
			path = "Supporting Files";
			sourceTree = "<group>";
		};
		BBE2639D28AAA31C0009350F = {
			isa = PBXGroup;
			children = (
				BBE263A828AAA31C0009350F /* ImageRenderering */,
				BBE263A728AAA31C0009350F /* Products */,
			);
			sourceTree = "<group>";
		};
		BBE263A728AAA31C0009350F /* Products */ = {
			isa = PBXGroup;
			children = (
				BBE263A628AAA31C0009350F /* ImageRenderering.app */,
			);
			name = Products;
			sourceTree = "<group>";
		};
		BBE263A828AAA31C0009350F /* ImageRenderering */ = {
			isa = PBXGroup;
			children = (
				BBE263A928AAA31C0009350F /* AppEntry.swift */,
				BBE263B728AAA33F0009350F /* StartTab.swift */,
				BBE263AB28AAA31C0009350F /* BusinessCard.swift */,
				BBE263B928AAA3D60009350F /* ChartView.swift */,
				BB4C32E328AC2A8300BDCCFB /* SizePreferenceKey.swift */,
				BBF0739B28AB1275000901F1 /* RenderedImageView.swift */,
				BB39AC7B28AB18BF00714C54 /* Supporting Files */,
				BBE263AD28AAA31E0009350F /* Assets.xcassets */,
				BBE263C128AB0BF00009350F /* Launch Screen.storyboard */,
				BBE263AF28AAA31E0009350F /* Preview Content */,
			);
			path = ImageRenderering;
			sourceTree = "<group>";
		};
		BBE263AF28AAA31E0009350F /* Preview Content */ = {
			isa = PBXGroup;
			children = (
				BBE263B028AAA31E0009350F /* Preview Assets.xcassets */,
			);
			path = "Preview Content";
			sourceTree = "<group>";
		};
/* End PBXGroup section */

/* Begin PBXNativeTarget section */
		BBE263A528AAA31C0009350F /* ImageRenderering */ = {
			isa = PBXNativeTarget;
			buildConfigurationList = BBE263B428AAA31E0009350F /* Build configuration list for PBXNativeTarget "ImageRenderering" */;
			buildPhases = (
				BBE263A228AAA31C0009350F /* Sources */,
				BBE263A328AAA31C0009350F /* Frameworks */,
				BBE263A428AAA31C0009350F /* Resources */,
			);
			buildRules = (
			);
			dependencies = (
			);
			name = ImageRenderering;
			productName = ImageRenderering;
			productReference = BBE263A628AAA31C0009350F /* ImageRenderering.app */;
			productType = "com.apple.product-type.application";
		};
/* End PBXNativeTarget section */

/* Begin PBXProject section */
		BBE2639E28AAA31C0009350F /* Project object */ = {
			isa = PBXProject;
			attributes = {
				BuildIndependentTargetsInParallel = 1;
				LastSwiftUpdateCheck = 1400;
				LastUpgradeCheck = 1400;
				TargetAttributes = {
					BBE263A528AAA31C0009350F = {
						CreatedOnToolsVersion = 14.0;
					};
				};
			};
			buildConfigurationList = BBE263A128AAA31C0009350F /* Build configuration list for PBXProject "ImageRenderering" */;
			compatibilityVersion = "Xcode 14.0";
			developmentRegion = en;
			hasScannedForEncodings = 0;
			knownRegions = (
				en,
				Base,
			);
			mainGroup = BBE2639D28AAA31C0009350F;
			productRefGroup = BBE263A728AAA31C0009350F /* Products */;
			projectDirPath = "";
			projectRoot = "";
			targets = (
				BBE263A528AAA31C0009350F /* ImageRenderering */,
			);
		};
/* End PBXProject section */

/* Begin PBXResourcesBuildPhase section */
		BBE263A428AAA31C0009350F /* Resources */ = {
			isa = PBXResourcesBuildPhase;
			buildActionMask = 2147483647;
			files = (
				BBE263C228AB0BF00009350F /* Launch Screen.storyboard in Resources */,
				BBE263B128AAA31E0009350F /* Preview Assets.xcassets in Resources */,
				BBE263AE28AAA31E0009350F /* Assets.xcassets in Resources */,
			);
			runOnlyForDeploymentPostprocessing = 0;
		};
/* End PBXResourcesBuildPhase section */

/* Begin PBXSourcesBuildPhase section */
		BBE263A228AAA31C0009350F /* Sources */ = {
			isa = PBXSourcesBuildPhase;
			buildActionMask = 2147483647;
			files = (
				BB4C32E428AC2A8300BDCCFB /* SizePreferenceKey.swift in Sources */,
				BBE263B828AAA33F0009350F /* StartTab.swift in Sources */,
				BBE263AC28AAA31C0009350F /* BusinessCard.swift in Sources */,
				BBF0739C28AB1275000901F1 /* RenderedImageView.swift in Sources */,
				BBE263BE28AAC65C0009350F /* ImagePicker.swift in Sources */,
				BBE263AA28AAA31C0009350F /* AppEntry.swift in Sources */,
				BBE263BA28AAA3D60009350F /* ChartView.swift in Sources */,
			);
			runOnlyForDeploymentPostprocessing = 0;
		};
/* End PBXSourcesBuildPhase section */

/* Begin XCBuildConfiguration section */
		BBE263B228AAA31E0009350F /* Debug */ = {
			isa = XCBuildConfiguration;
			buildSettings = {
				ALWAYS_SEARCH_USER_PATHS = NO;
				CLANG_ANALYZER_NONNULL = YES;
				CLANG_ANALYZER_NUMBER_OBJECT_CONVERSION = YES_AGGRESSIVE;
				CLANG_CXX_LANGUAGE_STANDARD = "gnu++20";
				CLANG_ENABLE_MODULES = YES;
				CLANG_ENABLE_OBJC_ARC = YES;
				CLANG_ENABLE_OBJC_WEAK = YES;
				CLANG_WARN_BLOCK_CAPTURE_AUTORELEASING = YES;
				CLANG_WARN_BOOL_CONVERSION = YES;
				CLANG_WARN_COMMA = YES;
				CLANG_WARN_CONSTANT_CONVERSION = YES;
				CLANG_WARN_DEPRECATED_OBJC_IMPLEMENTATIONS = YES;
				CLANG_WARN_DIRECT_OBJC_ISA_USAGE = YES_ERROR;
				CLANG_WARN_DOCUMENTATION_COMMENTS = YES;
				CLANG_WARN_EMPTY_BODY = YES;
				CLANG_WARN_ENUM_CONVERSION = YES;
				CLANG_WARN_INFINITE_RECURSION = YES;
				CLANG_WARN_INT_CONVERSION = YES;
				CLANG_WARN_NON_LITERAL_NULL_CONVERSION = YES;
				CLANG_WARN_OBJC_IMPLICIT_RETAIN_SELF = YES;
				CLANG_WARN_OBJC_LITERAL_CONVERSION = YES;
				CLANG_WARN_OBJC_ROOT_CLASS = YES_ERROR;
				CLANG_WARN_QUOTED_INCLUDE_IN_FRAMEWORK_HEADER = YES;
				CLANG_WARN_RANGE_LOOP_ANALYSIS = YES;
				CLANG_WARN_STRICT_PROTOTYPES = YES;
				CLANG_WARN_SUSPICIOUS_MOVE = YES;
				CLANG_WARN_UNGUARDED_AVAILABILITY = YES_AGGRESSIVE;
				CLANG_WARN_UNREACHABLE_CODE = YES;
				CLANG_WARN__DUPLICATE_METHOD_MATCH = YES;
				COPY_PHASE_STRIP = NO;
				DEBUG_INFORMATION_FORMAT = dwarf;
				ENABLE_STRICT_OBJC_MSGSEND = YES;
				ENABLE_TESTABILITY = YES;
				GCC_C_LANGUAGE_STANDARD = gnu11;
				GCC_DYNAMIC_NO_PIC = NO;
				GCC_NO_COMMON_BLOCKS = YES;
				GCC_OPTIMIZATION_LEVEL = 0;
				GCC_PREPROCESSOR_DEFINITIONS = (
					"DEBUG=1",
					"$(inherited)",
				);
				GCC_WARN_64_TO_32_BIT_CONVERSION = YES;
				GCC_WARN_ABOUT_RETURN_TYPE = YES_ERROR;
				GCC_WARN_UNDECLARED_SELECTOR = YES;
				GCC_WARN_UNINITIALIZED_AUTOS = YES_AGGRESSIVE;
				GCC_WARN_UNUSED_FUNCTION = YES;
				GCC_WARN_UNUSED_VARIABLE = YES;
				IPHONEOS_DEPLOYMENT_TARGET = 16.0;
				MTL_ENABLE_DEBUG_INFO = INCLUDE_SOURCE;
				MTL_FAST_MATH = YES;
				ONLY_ACTIVE_ARCH = YES;
				SDKROOT = iphoneos;
				SWIFT_ACTIVE_COMPILATION_CONDITIONS = DEBUG;
				SWIFT_OPTIMIZATION_LEVEL = "-Onone";
			};
			name = Debug;
		};
		BBE263B328AAA31E0009350F /* Release */ = {
			isa = XCBuildConfiguration;
			buildSettings = {
				ALWAYS_SEARCH_USER_PATHS = NO;
				CLANG_ANALYZER_NONNULL = YES;
				CLANG_ANALYZER_NUMBER_OBJECT_CONVERSION = YES_AGGRESSIVE;
				CLANG_CXX_LANGUAGE_STANDARD = "gnu++20";
				CLANG_ENABLE_MODULES = YES;
				CLANG_ENABLE_OBJC_ARC = YES;
				CLANG_ENABLE_OBJC_WEAK = YES;
				CLANG_WARN_BLOCK_CAPTURE_AUTORELEASING = YES;
				CLANG_WARN_BOOL_CONVERSION = YES;
				CLANG_WARN_COMMA = YES;
				CLANG_WARN_CONSTANT_CONVERSION = YES;
				CLANG_WARN_DEPRECATED_OBJC_IMPLEMENTATIONS = YES;
				CLANG_WARN_DIRECT_OBJC_ISA_USAGE = YES_ERROR;
				CLANG_WARN_DOCUMENTATION_COMMENTS = YES;
				CLANG_WARN_EMPTY_BODY = YES;
				CLANG_WARN_ENUM_CONVERSION = YES;
				CLANG_WARN_INFINITE_RECURSION = YES;
				CLANG_WARN_INT_CONVERSION = YES;
				CLANG_WARN_NON_LITERAL_NULL_CONVERSION = YES;
				CLANG_WARN_OBJC_IMPLICIT_RETAIN_SELF = YES;
				CLANG_WARN_OBJC_LITERAL_CONVERSION = YES;
				CLANG_WARN_OBJC_ROOT_CLASS = YES_ERROR;
				CLANG_WARN_QUOTED_INCLUDE_IN_FRAMEWORK_HEADER = YES;
				CLANG_WARN_RANGE_LOOP_ANALYSIS = YES;
				CLANG_WARN_STRICT_PROTOTYPES = YES;
				CLANG_WARN_SUSPICIOUS_MOVE = YES;
				CLANG_WARN_UNGUARDED_AVAILABILITY = YES_AGGRESSIVE;
				CLANG_WARN_UNREACHABLE_CODE = YES;
				CLANG_WARN__DUPLICATE_METHOD_MATCH = YES;
				COPY_PHASE_STRIP = NO;
				DEBUG_INFORMATION_FORMAT = "dwarf-with-dsym";
				ENABLE_NS_ASSERTIONS = NO;
				ENABLE_STRICT_OBJC_MSGSEND = YES;
				GCC_C_LANGUAGE_STANDARD = gnu11;
				GCC_NO_COMMON_BLOCKS = YES;
				GCC_WARN_64_TO_32_BIT_CONVERSION = YES;
				GCC_WARN_ABOUT_RETURN_TYPE = YES_ERROR;
				GCC_WARN_UNDECLARED_SELECTOR = YES;
				GCC_WARN_UNINITIALIZED_AUTOS = YES_AGGRESSIVE;
				GCC_WARN_UNUSED_FUNCTION = YES;
				GCC_WARN_UNUSED_VARIABLE = YES;
				IPHONEOS_DEPLOYMENT_TARGET = 16.0;
				MTL_ENABLE_DEBUG_INFO = NO;
				MTL_FAST_MATH = YES;
				SDKROOT = iphoneos;
				SWIFT_COMPILATION_MODE = wholemodule;
				SWIFT_OPTIMIZATION_LEVEL = "-O";
				VALIDATE_PRODUCT = YES;
			};
			name = Release;
		};
		BBE263B528AAA31E0009350F /* Debug */ = {
			isa = XCBuildConfiguration;
			buildSettings = {
				ASSETCATALOG_COMPILER_APPICON_NAME = AppIcon;
				ASSETCATALOG_COMPILER_GLOBAL_ACCENT_COLOR_NAME = AccentColor;
				CODE_SIGN_STYLE = Automatic;
				CURRENT_PROJECT_VERSION = 1;
				DEVELOPMENT_ASSET_PATHS = "\"ImageRenderering/Preview Content\"";
				DEVELOPMENT_TEAM = RKV4UP49S6;
				ENABLE_PREVIEWS = YES;
				GENERATE_INFOPLIST_FILE = YES;
				INFOPLIST_KEY_UIApplicationSceneManifest_Generation = YES;
				INFOPLIST_KEY_UIApplicationSupportsIndirectInputEvents = YES;
				INFOPLIST_KEY_UILaunchScreen_Generation = YES;
				INFOPLIST_KEY_UILaunchStoryboardName = "Launch Screen.storyboard";
				INFOPLIST_KEY_UISupportedInterfaceOrientations_iPad = "UIInterfaceOrientationPortrait UIInterfaceOrientationPortraitUpsideDown UIInterfaceOrientationLandscapeLeft UIInterfaceOrientationLandscapeRight";
				INFOPLIST_KEY_UISupportedInterfaceOrientations_iPhone = "UIInterfaceOrientationPortrait UIInterfaceOrientationLandscapeLeft UIInterfaceOrientationLandscapeRight";
				LD_RUNPATH_SEARCH_PATHS = (
					"$(inherited)",
					"@executable_path/Frameworks",
				);
				MARKETING_VERSION = 1.0;
				PRODUCT_BUNDLE_IDENTIFIER = com.createchsol.ImageRenderering;
				PRODUCT_NAME = "$(TARGET_NAME)";
				SWIFT_EMIT_LOC_STRINGS = YES;
				SWIFT_VERSION = 5.0;
				TARGETED_DEVICE_FAMILY = "1,2";
			};
			name = Debug;
		};
		BBE263B628AAA31E0009350F /* Release */ = {
			isa = XCBuildConfiguration;
			buildSettings = {
				ASSETCATALOG_COMPILER_APPICON_NAME = AppIcon;
				ASSETCATALOG_COMPILER_GLOBAL_ACCENT_COLOR_NAME = AccentColor;
				CODE_SIGN_STYLE = Automatic;
				CURRENT_PROJECT_VERSION = 1;
				DEVELOPMENT_ASSET_PATHS = "\"ImageRenderering/Preview Content\"";
				DEVELOPMENT_TEAM = RKV4UP49S6;
				ENABLE_PREVIEWS = YES;
				GENERATE_INFOPLIST_FILE = YES;
				INFOPLIST_KEY_UIApplicationSceneManifest_Generation = YES;
				INFOPLIST_KEY_UIApplicationSupportsIndirectInputEvents = YES;
				INFOPLIST_KEY_UILaunchScreen_Generation = YES;
				INFOPLIST_KEY_UILaunchStoryboardName = "Launch Screen.storyboard";
				INFOPLIST_KEY_UISupportedInterfaceOrientations_iPad = "UIInterfaceOrientationPortrait UIInterfaceOrientationPortraitUpsideDown UIInterfaceOrientationLandscapeLeft UIInterfaceOrientationLandscapeRight";
				INFOPLIST_KEY_UISupportedInterfaceOrientations_iPhone = "UIInterfaceOrientationPortrait UIInterfaceOrientationLandscapeLeft UIInterfaceOrientationLandscapeRight";
				LD_RUNPATH_SEARCH_PATHS = (
					"$(inherited)",
					"@executable_path/Frameworks",
				);
				MARKETING_VERSION = 1.0;
				PRODUCT_BUNDLE_IDENTIFIER = com.createchsol.ImageRenderering;
				PRODUCT_NAME = "$(TARGET_NAME)";
				SWIFT_EMIT_LOC_STRINGS = YES;
				SWIFT_VERSION = 5.0;
				TARGETED_DEVICE_FAMILY = "1,2";
			};
			name = Release;
		};
/* End XCBuildConfiguration section */

/* Begin XCConfigurationList section */
		BBE263A128AAA31C0009350F /* Build configuration list for PBXProject "ImageRenderering" */ = {
			isa = XCConfigurationList;
			buildConfigurations = (
				BBE263B228AAA31E0009350F /* Debug */,
				BBE263B328AAA31E0009350F /* Release */,
			);
			defaultConfigurationIsVisible = 0;
			defaultConfigurationName = Release;
		};
		BBE263B428AAA31E0009350F /* Build configuration list for PBXNativeTarget "ImageRenderering" */ = {
			isa = XCConfigurationList;
			buildConfigurations = (
				BBE263B528AAA31E0009350F /* Debug */,
				BBE263B628AAA31E0009350F /* Release */,
			);
			defaultConfigurationIsVisible = 0;
			defaultConfigurationName = Release;
		};
/* End XCConfigurationList section */
	};
	rootObject = BBE2639E28AAA31C0009350F /* Project object */;
}
